
Microsoft Visual Studio Solution File, Format Version 12.00
# Visual Studio 14
VisualStudioVersion = 14.0.25420.1
MinimumVisualStudioVersion = 10.0.40219.1
Project("{FAE04EC0-301F-11D3-BF4B-00C04F79EFBC}") = "WebAppSignalR3", "WebAppSignalR3\WebAppSignalR3.csproj", "{6F70105F-6B0B-4007-B4B5-D8C076562D4E}"
EndProject
Project("{FAE04EC0-301F-11D3-BF4B-00C04F79EFBC}") = "WebAppSignalRClient", "WebAppSignalRClient\WebAppSignalRClient.csproj", "{33A2E66D-38EF-429D-94D9-925BF0D931E7}"
EndProject
Global
	GlobalSection(SolutionConfigurationPlatforms) = preSolution
		Debug|Any CPU = Debug|Any CPU
		Release|Any CPU = Release|Any CPU
	EndGlobalSection
	GlobalSection(ProjectConfigurationPlatforms) = postSolution
		{6F70105F-6B0B-4007-B4B5-D8C076562D4E}.Debug|Any CPU.ActiveCfg = Debug|Any CPU
		{6F70105F-6B0B-4007-B4B5-D8C076562D4E}.Debug|Any CPU.Build.0 = Debug|Any CPU
		{6F70105F-6B0B-4007-B4B5-D8C076562D4E}.Release|Any CPU.ActiveCfg = Release|Any CPU
		{6F70105F-6B0B-4007-B4B5-D8C076562D4E}.Release|Any CPU.Build.0 = Release|Any CPU
		{33A2E66D-38EF-429D-94D9-925BF0D931E7}.Debug|Any CPU.ActiveCfg = Debug|Any CPU
		{33A2E66D-38EF-429D-94D9-925BF0D931E7}.Debug|Any CPU.Build.0 = Debug|Any CPU
		{33A2E66D-38EF-429D-94D9-925BF0D931E7}.Release|Any CPU.ActiveCfg = Release|Any CPU
		{33A2E66D-38EF-429D-94D9-925BF0D931E7}.Release|Any CPU.Build.0 = Release|Any CPU
	EndGlobalSection
	GlobalSection(SolutionProperties) = preSolution
		HideSolutionNode = FALSE
	EndGlobalSection
EndGlobal
